
Microsoft Visual Studio Solution File, Format Version 12.00
# Visual Studio Version 17
VisualStudioVersion = 17.2.32519.379
MinimumVisualStudioVersion = 10.0.40219.1
Project("{FAE04EC0-301F-11D3-BF4B-00C04F79EFBC}") = "Listener", "Listener\Listener.csproj", "{A91DEC50-58FD-4791-96AD-9C757E0BC3A0}"
EndProject
Project("{FAE04EC0-301F-11D3-BF4B-00C04F79EFBC}") = "Client", "Client\Client.csproj", "{4816AD3A-9E0B-4013-A107-473D60686BB3}"
EndProject
Global
	GlobalSection(SolutionConfigurationPlatforms) = preSolution
		Debug|Any CPU = Debug|Any CPU
		Release|Any CPU = Release|Any CPU
	EndGlobalSection
	GlobalSection(ProjectConfigurationPlatforms) = postSolution
		{A91DEC50-58FD-4791-96AD-9C757E0BC3A0}.Debug|Any CPU.ActiveCfg = Debug|Any CPU
		{A91DEC50-58FD-4791-96AD-9C757E0BC3A0}.Debug|Any CPU.Build.0 = Debug|Any CPU
		{A91DEC50-58FD-4791-96AD-9C757E0BC3A0}.Release|Any CPU.ActiveCfg = Release|Any CPU
		{A91DEC50-58FD-4791-96AD-9C757E0BC3A0}.Release|Any CPU.Build.0 = Release|Any CPU
		{4816AD3A-9E0B-4013-A107-473D60686BB3}.Debug|Any CPU.ActiveCfg = Debug|Any CPU
		{4816AD3A-9E0B-4013-A107-473D60686BB3}.Debug|Any CPU.Build.0 = Debug|Any CPU
		{4816AD3A-9E0B-4013-A107-473D60686BB3}.Release|Any CPU.ActiveCfg = Release|Any CPU
		{4816AD3A-9E0B-4013-A107-473D60686BB3}.Release|Any CPU.Build.0 = Release|Any CPU
	EndGlobalSection
	GlobalSection(SolutionProperties) = preSolution
		HideSolutionNode = FALSE
	EndGlobalSection
	GlobalSection(ExtensibilityGlobals) = postSolution
		SolutionGuid = {791A788E-AFE8-4C69-9AD6-0AA9AD44BB1C}
	EndGlobalSection
EndGlobal
