
Microsoft Visual Studio Solution File, Format Version 12.00
# Visual Studio Version 17
VisualStudioVersion = 17.2.32519.379
MinimumVisualStudioVersion = 10.0.40219.1
Project("{9A19103F-16F7-4668-BE54-9A1E7A4F7556}") = "WebApi", "WebApi\WebApi.csproj", "{675EFE7B-B257-4234-BEC7-C5BAE5BA823F}"
EndProject
Project("{9A19103F-16F7-4668-BE54-9A1E7A4F7556}") = "WebApi.DAL", "WebApi.DAL\WebApi.DAL.csproj", "{22F98453-15AE-414A-A1E6-6BDC3420B4F2}"
EndProject
Project("{9A19103F-16F7-4668-BE54-9A1E7A4F7556}") = "WebApi.BL", "WebApi.BL\WebApi.BL.csproj", "{1BD7F468-253A-498D-8B14-9EC9F98D2E63}"
EndProject
Project("{9A19103F-16F7-4668-BE54-9A1E7A4F7556}") = "WebApi.DTO", "WebApi.DTO\WebApi.DTO.csproj", "{B469A02A-5F2A-4CEE-AA5F-A0A7CB03F1DA}"
EndProject
Project("{FAE04EC0-301F-11D3-BF4B-00C04F79EFBC}") = "WebAPI.Client", "WebAPI.Client\WebAPI.Client.csproj", "{C59066EB-C267-4F39-B2AD-664101748128}"
EndProject
Global
	GlobalSection(SolutionConfigurationPlatforms) = preSolution
		Debug|Any CPU = Debug|Any CPU
		Release|Any CPU = Release|Any CPU
	EndGlobalSection
	GlobalSection(ProjectConfigurationPlatforms) = postSolution
		{675EFE7B-B257-4234-BEC7-C5BAE5BA823F}.Debug|Any CPU.ActiveCfg = Debug|Any CPU
		{675EFE7B-B257-4234-BEC7-C5BAE5BA823F}.Debug|Any CPU.Build.0 = Debug|Any CPU
		{675EFE7B-B257-4234-BEC7-C5BAE5BA823F}.Release|Any CPU.ActiveCfg = Release|Any CPU
		{675EFE7B-B257-4234-BEC7-C5BAE5BA823F}.Release|Any CPU.Build.0 = Release|Any CPU
		{22F98453-15AE-414A-A1E6-6BDC3420B4F2}.Debug|Any CPU.ActiveCfg = Debug|Any CPU
		{22F98453-15AE-414A-A1E6-6BDC3420B4F2}.Debug|Any CPU.Build.0 = Debug|Any CPU
		{22F98453-15AE-414A-A1E6-6BDC3420B4F2}.Release|Any CPU.ActiveCfg = Release|Any CPU
		{22F98453-15AE-414A-A1E6-6BDC3420B4F2}.Release|Any CPU.Build.0 = Release|Any CPU
		{1BD7F468-253A-498D-8B14-9EC9F98D2E63}.Debug|Any CPU.ActiveCfg = Debug|Any CPU
		{1BD7F468-253A-498D-8B14-9EC9F98D2E63}.Debug|Any CPU.Build.0 = Debug|Any CPU
		{1BD7F468-253A-498D-8B14-9EC9F98D2E63}.Release|Any CPU.ActiveCfg = Release|Any CPU
		{1BD7F468-253A-498D-8B14-9EC9F98D2E63}.Release|Any CPU.Build.0 = Release|Any CPU
		{B469A02A-5F2A-4CEE-AA5F-A0A7CB03F1DA}.Debug|Any CPU.ActiveCfg = Debug|Any CPU
		{B469A02A-5F2A-4CEE-AA5F-A0A7CB03F1DA}.Debug|Any CPU.Build.0 = Debug|Any CPU
		{B469A02A-5F2A-4CEE-AA5F-A0A7CB03F1DA}.Release|Any CPU.ActiveCfg = Release|Any CPU
		{B469A02A-5F2A-4CEE-AA5F-A0A7CB03F1DA}.Release|Any CPU.Build.0 = Release|Any CPU
		{C59066EB-C267-4F39-B2AD-664101748128}.Debug|Any CPU.ActiveCfg = Debug|Any CPU
		{C59066EB-C267-4F39-B2AD-664101748128}.Debug|Any CPU.Build.0 = Debug|Any CPU
		{C59066EB-C267-4F39-B2AD-664101748128}.Release|Any CPU.ActiveCfg = Release|Any CPU
		{C59066EB-C267-4F39-B2AD-664101748128}.Release|Any CPU.Build.0 = Release|Any CPU
	EndGlobalSection
	GlobalSection(SolutionProperties) = preSolution
		HideSolutionNode = FALSE
	EndGlobalSection
	GlobalSection(ExtensibilityGlobals) = postSolution
		SolutionGuid = {38A6EDB8-0150-4649-86FF-88A541AF91D6}
	EndGlobalSection
EndGlobal
