
Microsoft Visual Studio Solution File, Format Version 12.00
# Visual Studio Version 17
VisualStudioVersion = 17.1.32210.238
MinimumVisualStudioVersion = 10.0.40219.1
Project("{9A19103F-16F7-4668-BE54-9A1E7A4F7556}") = "HelloConsoleApp", "HelloConsoleApp\HelloConsoleApp.csproj", "{B3626818-AF85-40E5-9DFD-3FFEA21E89A1}"
EndProject
Project("{FAE04EC0-301F-11D3-BF4B-00C04F79EFBC}") = "HelloWpfApp", "HelloWpfApp\HelloWpfApp.csproj", "{F5C909F1-6559-4505-A3FE-65368F2F2442}"
EndProject
Global
	GlobalSection(SolutionConfigurationPlatforms) = preSolution
		Debug|Any CPU = Debug|Any CPU
		Release|Any CPU = Release|Any CPU
	EndGlobalSection
	GlobalSection(ProjectConfigurationPlatforms) = postSolution
		{B3626818-AF85-40E5-9DFD-3FFEA21E89A1}.Debug|Any CPU.ActiveCfg = Debug|Any CPU
		{B3626818-AF85-40E5-9DFD-3FFEA21E89A1}.Debug|Any CPU.Build.0 = Debug|Any CPU
		{B3626818-AF85-40E5-9DFD-3FFEA21E89A1}.Release|Any CPU.ActiveCfg = Release|Any CPU
		{B3626818-AF85-40E5-9DFD-3FFEA21E89A1}.Release|Any CPU.Build.0 = Release|Any CPU
		{F5C909F1-6559-4505-A3FE-65368F2F2442}.Debug|Any CPU.ActiveCfg = Debug|Any CPU
		{F5C909F1-6559-4505-A3FE-65368F2F2442}.Debug|Any CPU.Build.0 = Debug|Any CPU
		{F5C909F1-6559-4505-A3FE-65368F2F2442}.Release|Any CPU.ActiveCfg = Release|Any CPU
		{F5C909F1-6559-4505-A3FE-65368F2F2442}.Release|Any CPU.Build.0 = Release|Any CPU
	EndGlobalSection
	GlobalSection(SolutionProperties) = preSolution
		HideSolutionNode = FALSE
	EndGlobalSection
	GlobalSection(ExtensibilityGlobals) = postSolution
		SolutionGuid = {417924F3-2667-4716-AE2C-97A259D85218}
	EndGlobalSection
EndGlobal
